
Microsoft Visual Studio Solution File, Format Version 12.00
# Visual Studio Version 17
VisualStudioVersion = 17.11.35222.181
MinimumVisualStudioVersion = 10.0.40219.1
Project("{8BC9CEB8-8B4A-11D0-8D11-00A0C91BC942}") = "210-lab-16", "210-lab-16.vcxproj", "{1E9FF379-8BE8-46A7-8B82-70F881B0EE5E}"
EndProject
Global
	GlobalSection(SolutionConfigurationPlatforms) = preSolution
		Debug|x64 = Debug|x64
		Debug|x86 = Debug|x86
		Release|x64 = Release|x64
		Release|x86 = Release|x86
	EndGlobalSection
	GlobalSection(ProjectConfigurationPlatforms) = postSolution
		{1E9FF379-8BE8-46A7-8B82-70F881B0EE5E}.Debug|x64.ActiveCfg = Debug|x64
		{1E9FF379-8BE8-46A7-8B82-70F881B0EE5E}.Debug|x64.Build.0 = Debug|x64
		{1E9FF379-8BE8-46A7-8B82-70F881B0EE5E}.Debug|x86.ActiveCfg = Debug|Win32
		{1E9FF379-8BE8-46A7-8B82-70F881B0EE5E}.Debug|x86.Build.0 = Debug|Win32
		{1E9FF379-8BE8-46A7-8B82-70F881B0EE5E}.Release|x64.ActiveCfg = Release|x64
		{1E9FF379-8BE8-46A7-8B82-70F881B0EE5E}.Release|x64.Build.0 = Release|x64
		{1E9FF379-8BE8-46A7-8B82-70F881B0EE5E}.Release|x86.ActiveCfg = Release|Win32
		{1E9FF379-8BE8-46A7-8B82-70F881B0EE5E}.Release|x86.Build.0 = Release|Win32
	EndGlobalSection
	GlobalSection(SolutionProperties) = preSolution
		HideSolutionNode = FALSE
	EndGlobalSection
	GlobalSection(ExtensibilityGlobals) = postSolution
		SolutionGuid = {E306DE96-D670-4299-A4BB-853ED35D6A34}
	EndGlobalSection
EndGlobal
